// !$*UTF8*$!
{
	archiveVersion = 1;
	classes = {
	};
	objectVersion = 46;
	objects = {

/* Begin PBXBuildFile section */
		D99CCE32881F9373609EC82B /* libPods.a in Frameworks */ = {isa = PBXBuildFile; fileRef = 9EE41EE5A42572343075E5C3 /* libPods.a */; };
		FC123DA41C4CCA5800CD8AB3 /* main.m in Sources */ = {isa = PBXBuildFile; fileRef = FC123DA31C4CCA5800CD8AB3 /* main.m */; };
		FC123DA71C4CCA5800CD8AB3 /* AppDelegate.m in Sources */ = {isa = PBXBuildFile; fileRef = FC123DA61C4CCA5800CD8AB3 /* AppDelegate.m */; };
		FC123DAA1C4CCA5800CD8AB3 /* ViewController.m in Sources */ = {isa = PBXBuildFile; fileRef = FC123DA91C4CCA5800CD8AB3 /* ViewController.m */; };
		FC123DAD1C4CCA5800CD8AB3 /* Main.storyboard in Resources */ = {isa = PBXBuildFile; fileRef = FC123DAB1C4CCA5800CD8AB3 /* Main.storyboard */; };
		FC123DAF1C4CCA5800CD8AB3 /* Assets.xcassets in Resources */ = {isa = PBXBuildFile; fileRef = FC123DAE1C4CCA5800CD8AB3 /* Assets.xcassets */; };
		FC123DB21C4CCA5800CD8AB3 /* LaunchScreen.storyboard in Resources */ = {isa = PBXBuildFile; fileRef = FC123DB01C4CCA5800CD8AB3 /* LaunchScreen.storyboard */; };
		FC123DBE1C4CD9D000CD8AB3 /* TP_RootViewController.m in Sources */ = {isa = PBXBuildFile; fileRef = FC123DBD1C4CD9D000CD8AB3 /* TP_RootViewController.m */; };
		FC123DC21C4CDA0F00CD8AB3 /* TP_First_ViewController.m in Sources */ = {isa = PBXBuildFile; fileRef = FC123DC01C4CDA0F00CD8AB3 /* TP_First_ViewController.m */; };
		FC123DC31C4CDA0F00CD8AB3 /* TP_First_ViewController.xib in Resources */ = {isa = PBXBuildFile; fileRef = FC123DC11C4CDA0F00CD8AB3 /* TP_First_ViewController.xib */; };
		FC123DC71C4CDA2900CD8AB3 /* TP_Second_ViewController.m in Sources */ = {isa = PBXBuildFile; fileRef = FC123DC51C4CDA2900CD8AB3 /* TP_Second_ViewController.m */; };
		FC123DC81C4CDA2900CD8AB3 /* TP_Second_ViewController.xib in Resources */ = {isa = PBXBuildFile; fileRef = FC123DC61C4CDA2900CD8AB3 /* TP_Second_ViewController.xib */; };
		FC123DCC1C4CDA4200CD8AB3 /* TP_Third_ViewController.m in Sources */ = {isa = PBXBuildFile; fileRef = FC123DCA1C4CDA4200CD8AB3 /* TP_Third_ViewController.m */; };
		FC123DCD1C4CDA4200CD8AB3 /* TP_Third_ViewController.xib in Resources */ = {isa = PBXBuildFile; fileRef = FC123DCB1C4CDA4200CD8AB3 /* TP_Third_ViewController.xib */; };
		FC123DD11C4CDB3700CD8AB3 /* UIViewController+Additional.m in Sources */ = {isa = PBXBuildFile; fileRef = FC123DD01C4CDB3700CD8AB3 /* UIViewController+Additional.m */; };
/* End PBXBuildFile section */

/* Begin PBXFileReference section */
		39134FCA81B19D744E4D5B38 /* Pods.release.xcconfig */ = {isa = PBXFileReference; includeInIndex = 1; lastKnownFileType = text.xcconfig; name = Pods.release.xcconfig; path = "Pods/Target Support Files/Pods/Pods.release.xcconfig"; sourceTree = "<group>"; };
		9EE41EE5A42572343075E5C3 /* libPods.a */ = {isa = PBXFileReference; explicitFileType = archive.ar; includeInIndex = 0; path = libPods.a; sourceTree = BUILT_PRODUCTS_DIR; };
		D0976250662C8BA9BC9257B1 /* Pods.debug.xcconfig */ = {isa = PBXFileReference; includeInIndex = 1; lastKnownFileType = text.xcconfig; name = Pods.debug.xcconfig; path = "Pods/Target Support Files/Pods/Pods.debug.xcconfig"; sourceTree = "<group>"; };
		FC123D9F1C4CCA5800CD8AB3 /* tubepro.app */ = {isa = PBXFileReference; explicitFileType = wrapper.application; includeInIndex = 0; path = tubepro.app; sourceTree = BUILT_PRODUCTS_DIR; };
		FC123DA31C4CCA5800CD8AB3 /* main.m */ = {isa = PBXFileReference; lastKnownFileType = sourcecode.c.objc; path = main.m; sourceTree = "<group>"; };
		FC123DA51C4CCA5800CD8AB3 /* AppDelegate.h */ = {isa = PBXFileReference; lastKnownFileType = sourcecode.c.h; path = AppDelegate.h; sourceTree = "<group>"; };
		FC123DA61C4CCA5800CD8AB3 /* AppDelegate.m */ = {isa = PBXFileReference; lastKnownFileType = sourcecode.c.objc; path = AppDelegate.m; sourceTree = "<group>"; };
		FC123DA81C4CCA5800CD8AB3 /* ViewController.h */ = {isa = PBXFileReference; lastKnownFileType = sourcecode.c.h; path = ViewController.h; sourceTree = "<group>"; };
		FC123DA91C4CCA5800CD8AB3 /* ViewController.m */ = {isa = PBXFileReference; lastKnownFileType = sourcecode.c.objc; path = ViewController.m; sourceTree = "<group>"; };
		FC123DAC1C4CCA5800CD8AB3 /* Base */ = {isa = PBXFileReference; lastKnownFileType = file.storyboard; name = Base; path = Base.lproj/Main.storyboard; sourceTree = "<group>"; };
		FC123DAE1C4CCA5800CD8AB3 /* Assets.xcassets */ = {isa = PBXFileReference; lastKnownFileType = folder.assetcatalog; path = Assets.xcassets; sourceTree = "<group>"; };
		FC123DB11C4CCA5800CD8AB3 /* Base */ = {isa = PBXFileReference; lastKnownFileType = file.storyboard; name = Base; path = Base.lproj/LaunchScreen.storyboard; sourceTree = "<group>"; };
		FC123DB31C4CCA5800CD8AB3 /* Info.plist */ = {isa = PBXFileReference; lastKnownFileType = text.plist.xml; path = Info.plist; sourceTree = "<group>"; };
		FC123DBA1C4CCB6D00CD8AB3 /* PrefixHeader.pch */ = {isa = PBXFileReference; fileEncoding = 4; lastKnownFileType = sourcecode.c.h; path = PrefixHeader.pch; sourceTree = "<group>"; };
		FC123DBC1C4CD9D000CD8AB3 /* TP_RootViewController.h */ = {isa = PBXFileReference; fileEncoding = 4; lastKnownFileType = sourcecode.c.h; path = TP_RootViewController.h; sourceTree = "<group>"; };
		FC123DBD1C4CD9D000CD8AB3 /* TP_RootViewController.m */ = {isa = PBXFileReference; fileEncoding = 4; lastKnownFileType = sourcecode.c.objc; path = TP_RootViewController.m; sourceTree = "<group>"; };
		FC123DBF1C4CDA0F00CD8AB3 /* TP_First_ViewController.h */ = {isa = PBXFileReference; fileEncoding = 4; lastKnownFileType = sourcecode.c.h; path = TP_First_ViewController.h; sourceTree = "<group>"; };
		FC123DC01C4CDA0F00CD8AB3 /* TP_First_ViewController.m */ = {isa = PBXFileReference; fileEncoding = 4; lastKnownFileType = sourcecode.c.objc; path = TP_First_ViewController.m; sourceTree = "<group>"; };
		FC123DC11C4CDA0F00CD8AB3 /* TP_First_ViewController.xib */ = {isa = PBXFileReference; fileEncoding = 4; lastKnownFileType = file.xib; path = TP_First_ViewController.xib; sourceTree = "<group>"; };
		FC123DC41C4CDA2900CD8AB3 /* TP_Second_ViewController.h */ = {isa = PBXFileReference; fileEncoding = 4; lastKnownFileType = sourcecode.c.h; path = TP_Second_ViewController.h; sourceTree = "<group>"; };
		FC123DC51C4CDA2900CD8AB3 /* TP_Second_ViewController.m */ = {isa = PBXFileReference; fileEncoding = 4; lastKnownFileType = sourcecode.c.objc; path = TP_Second_ViewController.m; sourceTree = "<group>"; };
		FC123DC61C4CDA2900CD8AB3 /* TP_Second_ViewController.xib */ = {isa = PBXFileReference; fileEncoding = 4; lastKnownFileType = file.xib; path = TP_Second_ViewController.xib; sourceTree = "<group>"; };
		FC123DC91C4CDA4200CD8AB3 /* TP_Third_ViewController.h */ = {isa = PBXFileReference; fileEncoding = 4; lastKnownFileType = sourcecode.c.h; path = TP_Third_ViewController.h; sourceTree = "<group>"; };
		FC123DCA1C4CDA4200CD8AB3 /* TP_Third_ViewController.m */ = {isa = PBXFileReference; fileEncoding = 4; lastKnownFileType = sourcecode.c.objc; path = TP_Third_ViewController.m; sourceTree = "<group>"; };
		FC123DCB1C4CDA4200CD8AB3 /* TP_Third_ViewController.xib */ = {isa = PBXFileReference; fileEncoding = 4; lastKnownFileType = file.xib; path = TP_Third_ViewController.xib; sourceTree = "<group>"; };
		FC123DCF1C4CDB3700CD8AB3 /* UIViewController+Additional.h */ = {isa = PBXFileReference; fileEncoding = 4; lastKnownFileType = sourcecode.c.h; path = "UIViewController+Additional.h"; sourceTree = "<group>"; };
		FC123DD01C4CDB3700CD8AB3 /* UIViewController+Additional.m */ = {isa = PBXFileReference; fileEncoding = 4; lastKnownFileType = sourcecode.c.objc; path = "UIViewController+Additional.m"; sourceTree = "<group>"; };
/* End PBXFileReference section */

/* Begin PBXFrameworksBuildPhase section */
		FC123D9C1C4CCA5800CD8AB3 /* Frameworks */ = {
			isa = PBXFrameworksBuildPhase;
			buildActionMask = 2147483647;
			files = (
				D99CCE32881F9373609EC82B /* libPods.a in Frameworks */,
			);
			runOnlyForDeploymentPostprocessing = 0;
		};
/* End PBXFrameworksBuildPhase section */

/* Begin PBXGroup section */
		562374B3F47ABE14CEB8B86F /* Pods */ = {
			isa = PBXGroup;
			children = (
				D0976250662C8BA9BC9257B1 /* Pods.debug.xcconfig */,
				39134FCA81B19D744E4D5B38 /* Pods.release.xcconfig */,
			);
			name = Pods;
			sourceTree = "<group>";
		};
		A1F5DE04356664859E82018D /* Frameworks */ = {
			isa = PBXGroup;
			children = (
				9EE41EE5A42572343075E5C3 /* libPods.a */,
			);
			name = Frameworks;
			sourceTree = "<group>";
		};
		FC123D961C4CCA5800CD8AB3 = {
			isa = PBXGroup;
			children = (
				FC123DA11C4CCA5800CD8AB3 /* tubepro */,
				FC123DA01C4CCA5800CD8AB3 /* Products */,
				562374B3F47ABE14CEB8B86F /* Pods */,
				A1F5DE04356664859E82018D /* Frameworks */,
			);
			sourceTree = "<group>";
		};
		FC123DA01C4CCA5800CD8AB3 /* Products */ = {
			isa = PBXGroup;
			children = (
				FC123D9F1C4CCA5800CD8AB3 /* tubepro.app */,
			);
			name = Products;
			sourceTree = "<group>";
		};
		FC123DA11C4CCA5800CD8AB3 /* tubepro */ = {
			isa = PBXGroup;
			children = (
				FC123DCE1C4CDB2200CD8AB3 /* Additional */,
				FC123DBB1C4CD98900CD8AB3 /* ViewController */,
				FC123DB91C4CCB4400CD8AB3 /* Default */,
				FC123DA51C4CCA5800CD8AB3 /* AppDelegate.h */,
				FC123DA61C4CCA5800CD8AB3 /* AppDelegate.m */,
				FC123DAE1C4CCA5800CD8AB3 /* Assets.xcassets */,
				FC123DB01C4CCA5800CD8AB3 /* LaunchScreen.storyboard */,
				FC123DB31C4CCA5800CD8AB3 /* Info.plist */,
				FC123DA21C4CCA5800CD8AB3 /* Supporting Files */,
			);
			path = tubepro;
			sourceTree = "<group>";
		};
		FC123DA21C4CCA5800CD8AB3 /* Supporting Files */ = {
			isa = PBXGroup;
			children = (
				FC123DA31C4CCA5800CD8AB3 /* main.m */,
				FC123DBA1C4CCB6D00CD8AB3 /* PrefixHeader.pch */,
			);
			name = "Supporting Files";
			sourceTree = "<group>";
		};
		FC123DB91C4CCB4400CD8AB3 /* Default */ = {
			isa = PBXGroup;
			children = (
				FC123DA81C4CCA5800CD8AB3 /* ViewController.h */,
				FC123DA91C4CCA5800CD8AB3 /* ViewController.m */,
				FC123DAB1C4CCA5800CD8AB3 /* Main.storyboard */,
			);
			name = Default;
			sourceTree = "<group>";
		};
		FC123DBB1C4CD98900CD8AB3 /* ViewController */ = {
			isa = PBXGroup;
			children = (
				FC123DBC1C4CD9D000CD8AB3 /* TP_RootViewController.h */,
				FC123DBD1C4CD9D000CD8AB3 /* TP_RootViewController.m */,
				FC123DBF1C4CDA0F00CD8AB3 /* TP_First_ViewController.h */,
				FC123DC01C4CDA0F00CD8AB3 /* TP_First_ViewController.m */,
				FC123DC11C4CDA0F00CD8AB3 /* TP_First_ViewController.xib */,
				FC123DC41C4CDA2900CD8AB3 /* TP_Second_ViewController.h */,
				FC123DC51C4CDA2900CD8AB3 /* TP_Second_ViewController.m */,
				FC123DC61C4CDA2900CD8AB3 /* TP_Second_ViewController.xib */,
				FC123DC91C4CDA4200CD8AB3 /* TP_Third_ViewController.h */,
				FC123DCA1C4CDA4200CD8AB3 /* TP_Third_ViewController.m */,
				FC123DCB1C4CDA4200CD8AB3 /* TP_Third_ViewController.xib */,
			);
			name = ViewController;
			sourceTree = "<group>";
		};
		FC123DCE1C4CDB2200CD8AB3 /* Additional */ = {
			isa = PBXGroup;
			children = (
				FC123DCF1C4CDB3700CD8AB3 /* UIViewController+Additional.h */,
				FC123DD01C4CDB3700CD8AB3 /* UIViewController+Additional.m */,
			);
			name = Additional;
			sourceTree = "<group>";
		};
/* End PBXGroup section */

/* Begin PBXNativeTarget section */
		FC123D9E1C4CCA5800CD8AB3 /* tubepro */ = {
			isa = PBXNativeTarget;
			buildConfigurationList = FC123DB61C4CCA5800CD8AB3 /* Build configuration list for PBXNativeTarget "tubepro" */;
			buildPhases = (
				B708799A5F9E1911AAD9EB3A /* Check Pods Manifest.lock */,
				FC123D9B1C4CCA5800CD8AB3 /* Sources */,
				FC123D9C1C4CCA5800CD8AB3 /* Frameworks */,
				FC123D9D1C4CCA5800CD8AB3 /* Resources */,
				3D36E7E2EEFD3D509C549324 /* Embed Pods Frameworks */,
				D566507F4796EFF2D34ECB69 /* Copy Pods Resources */,
			);
			buildRules = (
			);
			dependencies = (
			);
			name = tubepro;
			productName = tubepro;
			productReference = FC123D9F1C4CCA5800CD8AB3 /* tubepro.app */;
			productType = "com.apple.product-type.application";
		};
/* End PBXNativeTarget section */

/* Begin PBXProject section */
		FC123D971C4CCA5800CD8AB3 /* Project object */ = {
			isa = PBXProject;
			attributes = {
				LastUpgradeCheck = 0720;
				ORGANIZATIONNAME = thanhhaitran;
				TargetAttributes = {
					FC123D9E1C4CCA5800CD8AB3 = {
						CreatedOnToolsVersion = 7.2;
					};
				};
			};
			buildConfigurationList = FC123D9A1C4CCA5800CD8AB3 /* Build configuration list for PBXProject "tubepro" */;
			compatibilityVersion = "Xcode 3.2";
			developmentRegion = English;
			hasScannedForEncodings = 0;
			knownRegions = (
				en,
				Base,
			);
			mainGroup = FC123D961C4CCA5800CD8AB3;
			productRefGroup = FC123DA01C4CCA5800CD8AB3 /* Products */;
			projectDirPath = "";
			projectRoot = "";
			targets = (
				FC123D9E1C4CCA5800CD8AB3 /* tubepro */,
			);
		};
/* End PBXProject section */

/* Begin PBXResourcesBuildPhase section */
		FC123D9D1C4CCA5800CD8AB3 /* Resources */ = {
			isa = PBXResourcesBuildPhase;
			buildActionMask = 2147483647;
			files = (
				FC123DCD1C4CDA4200CD8AB3 /* TP_Third_ViewController.xib in Resources */,
				FC123DC81C4CDA2900CD8AB3 /* TP_Second_ViewController.xib in Resources */,
				FC123DB21C4CCA5800CD8AB3 /* LaunchScreen.storyboard in Resources */,
				FC123DC31C4CDA0F00CD8AB3 /* TP_First_ViewController.xib in Resources */,
				FC123DAF1C4CCA5800CD8AB3 /* Assets.xcassets in Resources */,
				FC123DAD1C4CCA5800CD8AB3 /* Main.storyboard in Resources */,
			);
			runOnlyForDeploymentPostprocessing = 0;
		};
/* End PBXResourcesBuildPhase section */

/* Begin PBXShellScriptBuildPhase section */
		3D36E7E2EEFD3D509C549324 /* Embed Pods Frameworks */ = {
			isa = PBXShellScriptBuildPhase;
			buildActionMask = 2147483647;
			files = (
			);
			inputPaths = (
			);
			name = "Embed Pods Frameworks";
			outputPaths = (
			);
			runOnlyForDeploymentPostprocessing = 0;
			shellPath = /bin/sh;
			shellScript = "\"${SRCROOT}/Pods/Target Support Files/Pods/Pods-frameworks.sh\"\n";
			showEnvVarsInLog = 0;
		};
		B708799A5F9E1911AAD9EB3A /* Check Pods Manifest.lock */ = {
			isa = PBXShellScriptBuildPhase;
			buildActionMask = 2147483647;
			files = (
			);
			inputPaths = (
			);
			name = "Check Pods Manifest.lock";
			outputPaths = (
			);
			runOnlyForDeploymentPostprocessing = 0;
			shellPath = /bin/sh;
			shellScript = "diff \"${PODS_ROOT}/../Podfile.lock\" \"${PODS_ROOT}/Manifest.lock\" > /dev/null\nif [[ $? != 0 ]] ; then\n    cat << EOM\nerror: The sandbox is not in sync with the Podfile.lock. Run 'pod install' or update your CocoaPods installation.\nEOM\n    exit 1\nfi\n";
			showEnvVarsInLog = 0;
		};
		D566507F4796EFF2D34ECB69 /* Copy Pods Resources */ = {
			isa = PBXShellScriptBuildPhase;
			buildActionMask = 2147483647;
			files = (
			);
			inputPaths = (
			);
			name = "Copy Pods Resources";
			outputPaths = (
			);
			runOnlyForDeploymentPostprocessing = 0;
			shellPath = /bin/sh;
			shellScript = "\"${SRCROOT}/Pods/Target Support Files/Pods/Pods-resources.sh\"\n";
			showEnvVarsInLog = 0;
		};
/* End PBXShellScriptBuildPhase section */

/* Begin PBXSourcesBuildPhase section */
		FC123D9B1C4CCA5800CD8AB3 /* Sources */ = {
			isa = PBXSourcesBuildPhase;
			buildActionMask = 2147483647;
			files = (
				FC123DCC1C4CDA4200CD8AB3 /* TP_Third_ViewController.m in Sources */,
				FC123DD11C4CDB3700CD8AB3 /* UIViewController+Additional.m in Sources */,
				FC123DBE1C4CD9D000CD8AB3 /* TP_RootViewController.m in Sources */,
				FC123DAA1C4CCA5800CD8AB3 /* ViewController.m in Sources */,
				FC123DC21C4CDA0F00CD8AB3 /* TP_First_ViewController.m in Sources */,
				FC123DA71C4CCA5800CD8AB3 /* AppDelegate.m in Sources */,
				FC123DC71C4CDA2900CD8AB3 /* TP_Second_ViewController.m in Sources */,
				FC123DA41C4CCA5800CD8AB3 /* main.m in Sources */,
			);
			runOnlyForDeploymentPostprocessing = 0;
		};
/* End PBXSourcesBuildPhase section */

/* Begin PBXVariantGroup section */
		FC123DAB1C4CCA5800CD8AB3 /* Main.storyboard */ = {
			isa = PBXVariantGroup;
			children = (
				FC123DAC1C4CCA5800CD8AB3 /* Base */,
			);
			name = Main.storyboard;
			sourceTree = "<group>";
		};
		FC123DB01C4CCA5800CD8AB3 /* LaunchScreen.storyboard */ = {
			isa = PBXVariantGroup;
			children = (
				FC123DB11C4CCA5800CD8AB3 /* Base */,
			);
			name = LaunchScreen.storyboard;
			sourceTree = "<group>";
		};
/* End PBXVariantGroup section */

/* Begin XCBuildConfiguration section */
		FC123DB41C4CCA5800CD8AB3 /* Debug */ = {
			isa = XCBuildConfiguration;
			buildSettings = {
				ALWAYS_SEARCH_USER_PATHS = NO;
				CLANG_CXX_LANGUAGE_STANDARD = "gnu++0x";
				CLANG_CXX_LIBRARY = "libc++";
				CLANG_ENABLE_MODULES = YES;
				CLANG_ENABLE_OBJC_ARC = YES;
				CLANG_WARN_BOOL_CONVERSION = YES;
				CLANG_WARN_CONSTANT_CONVERSION = YES;
				CLANG_WARN_DIRECT_OBJC_ISA_USAGE = YES_ERROR;
				CLANG_WARN_EMPTY_BODY = YES;
				CLANG_WARN_ENUM_CONVERSION = YES;
				CLANG_WARN_INT_CONVERSION = YES;
				CLANG_WARN_OBJC_ROOT_CLASS = YES_ERROR;
				CLANG_WARN_UNREACHABLE_CODE = YES;
				CLANG_WARN__DUPLICATE_METHOD_MATCH = YES;
				"CODE_SIGN_IDENTITY[sdk=iphoneos*]" = "iPhone Developer";
				COPY_PHASE_STRIP = NO;
				DEBUG_INFORMATION_FORMAT = dwarf;
				ENABLE_STRICT_OBJC_MSGSEND = YES;
				ENABLE_TESTABILITY = YES;
				GCC_C_LANGUAGE_STANDARD = gnu99;
				GCC_DYNAMIC_NO_PIC = NO;
				GCC_NO_COMMON_BLOCKS = YES;
				GCC_OPTIMIZATION_LEVEL = 0;
				GCC_PREPROCESSOR_DEFINITIONS = (
					"DEBUG=1",
					"$(inherited)",
				);
				GCC_WARN_64_TO_32_BIT_CONVERSION = YES;
				GCC_WARN_ABOUT_RETURN_TYPE = YES_ERROR;
				GCC_WARN_UNDECLARED_SELECTOR = YES;
				GCC_WARN_UNINITIALIZED_AUTOS = YES_AGGRESSIVE;
				GCC_WARN_UNUSED_FUNCTION = YES;
				GCC_WARN_UNUSED_VARIABLE = YES;
				IPHONEOS_DEPLOYMENT_TARGET = 9.2;
				MTL_ENABLE_DEBUG_INFO = YES;
				ONLY_ACTIVE_ARCH = YES;
				SDKROOT = iphoneos;
			};
			name = Debug;
		};
		FC123DB51C4CCA5800CD8AB3 /* Release */ = {
			isa = XCBuildConfiguration;
			buildSettings = {
				ALWAYS_SEARCH_USER_PATHS = NO;
				CLANG_CXX_LANGUAGE_STANDARD = "gnu++0x";
				CLANG_CXX_LIBRARY = "libc++";
				CLANG_ENABLE_MODULES = YES;
				CLANG_ENABLE_OBJC_ARC = YES;
				CLANG_WARN_BOOL_CONVERSION = YES;
				CLANG_WARN_CONSTANT_CONVERSION = YES;
				CLANG_WARN_DIRECT_OBJC_ISA_USAGE = YES_ERROR;
				CLANG_WARN_EMPTY_BODY = YES;
				CLANG_WARN_ENUM_CONVERSION = YES;
				CLANG_WARN_INT_CONVERSION = YES;
				CLANG_WARN_OBJC_ROOT_CLASS = YES_ERROR;
				CLANG_WARN_UNREACHABLE_CODE = YES;
				CLANG_WARN__DUPLICATE_METHOD_MATCH = YES;
				"CODE_SIGN_IDENTITY[sdk=iphoneos*]" = "iPhone Developer";
				COPY_PHASE_STRIP = NO;
				DEBUG_INFORMATION_FORMAT = "dwarf-with-dsym";
				ENABLE_NS_ASSERTIONS = NO;
				ENABLE_STRICT_OBJC_MSGSEND = YES;
				GCC_C_LANGUAGE_STANDARD = gnu99;
				GCC_NO_COMMON_BLOCKS = YES;
				GCC_WARN_64_TO_32_BIT_CONVERSION = YES;
				GCC_WARN_ABOUT_RETURN_TYPE = YES_ERROR;
				GCC_WARN_UNDECLARED_SELECTOR = YES;
				GCC_WARN_UNINITIALIZED_AUTOS = YES_AGGRESSIVE;
				GCC_WARN_UNUSED_FUNCTION = YES;
				GCC_WARN_UNUSED_VARIABLE = YES;
				IPHONEOS_DEPLOYMENT_TARGET = 9.2;
				MTL_ENABLE_DEBUG_INFO = NO;
				SDKROOT = iphoneos;
				VALIDATE_PRODUCT = YES;
			};
			name = Release;
		};
		FC123DB71C4CCA5800CD8AB3 /* Debug */ = {
			isa = XCBuildConfiguration;
			baseConfigurationReference = D0976250662C8BA9BC9257B1 /* Pods.debug.xcconfig */;
			buildSettings = {
				ASSETCATALOG_COMPILER_APPICON_NAME = AppIcon;
				GCC_PREFIX_HEADER = tubepro/PrefixHeader.pch;
				INFOPLIST_FILE = tubepro/Info.plist;
				LD_RUNPATH_SEARCH_PATHS = "$(inherited) @executable_path/Frameworks";
				PRODUCT_BUNDLE_IDENTIFIER = com.vmg.tubepro;
				PRODUCT_NAME = "$(TARGET_NAME)";
			};
			name = Debug;
		};
		FC123DB81C4CCA5800CD8AB3 /* Release */ = {
			isa = XCBuildConfiguration;
			baseConfigurationReference = 39134FCA81B19D744E4D5B38 /* Pods.release.xcconfig */;
			buildSettings = {
				ASSETCATALOG_COMPILER_APPICON_NAME = AppIcon;
				GCC_PREFIX_HEADER = tubepro/PrefixHeader.pch;
				INFOPLIST_FILE = tubepro/Info.plist;
				LD_RUNPATH_SEARCH_PATHS = "$(inherited) @executable_path/Frameworks";
				PRODUCT_BUNDLE_IDENTIFIER = com.vmg.tubepro;
				PRODUCT_NAME = "$(TARGET_NAME)";
			};
			name = Release;
		};
/* End XCBuildConfiguration section */

/* Begin XCConfigurationList section */
		FC123D9A1C4CCA5800CD8AB3 /* Build configuration list for PBXProject "tubepro" */ = {
			isa = XCConfigurationList;
			buildConfigurations = (
				FC123DB41C4CCA5800CD8AB3 /* Debug */,
				FC123DB51C4CCA5800CD8AB3 /* Release */,
			);
			defaultConfigurationIsVisible = 0;
			defaultConfigurationName = Release;
		};
		FC123DB61C4CCA5800CD8AB3 /* Build configuration list for PBXNativeTarget "tubepro" */ = {
			isa = XCConfigurationList;
			buildConfigurations = (
				FC123DB71C4CCA5800CD8AB3 /* Debug */,
				FC123DB81C4CCA5800CD8AB3 /* Release */,
			);
			defaultConfigurationIsVisible = 0;
			defaultConfigurationName = Release;
		};
/* End XCConfigurationList section */
	};
	rootObject = FC123D971C4CCA5800CD8AB3 /* Project object */;
}
